// !$*UTF8*$!
{
	archiveVersion = 1;
	classes = {
	};
	objectVersion = 56;
	objects = {

/* Begin PBXBuildFile section */
		B43D6AA22A5320C400B495A7 /* MyCVApp.swift in Sources */ = {isa = PBXBuildFile; fileRef = B43D6AA12A5320C400B495A7 /* MyCVApp.swift */; };
		B43D6AA42A5320C400B495A7 /* ContentView.swift in Sources */ = {isa = PBXBuildFile; fileRef = B43D6AA32A5320C400B495A7 /* ContentView.swift */; };
		B43D6AA62A5320C600B495A7 /* Assets.xcassets in Resources */ = {isa = PBXBuildFile; fileRef = B43D6AA52A5320C600B495A7 /* Assets.xcassets */; };
		B43D6AA92A5320C600B495A7 /* Preview Assets.xcassets in Resources */ = {isa = PBXBuildFile; fileRef = B43D6AA82A5320C600B495A7 /* Preview Assets.xcassets */; };
		B43D6AB32A5320C600B495A7 /* MyCVTests.swift in Sources */ = {isa = PBXBuildFile; fileRef = B43D6AB22A5320C600B495A7 /* MyCVTests.swift */; };
		B43D6ABD2A5320C600B495A7 /* MyCVUITests.swift in Sources */ = {isa = PBXBuildFile; fileRef = B43D6ABC2A5320C600B495A7 /* MyCVUITests.swift */; };
		B43D6ABF2A5320C600B495A7 /* MyCVUITestsLaunchTests.swift in Sources */ = {isa = PBXBuildFile; fileRef = B43D6ABE2A5320C600B495A7 /* MyCVUITestsLaunchTests.swift */; };
/* End PBXBuildFile section */

/* Begin PBXContainerItemProxy section */
		B43D6AAF2A5320C600B495A7 /* PBXContainerItemProxy */ = {
			isa = PBXContainerItemProxy;
			containerPortal = B43D6A962A5320C300B495A7 /* Project object */;
			proxyType = 1;
			remoteGlobalIDString = B43D6A9D2A5320C400B495A7;
			remoteInfo = MyCV;
		};
		B43D6AB92A5320C600B495A7 /* PBXContainerItemProxy */ = {
			isa = PBXContainerItemProxy;
			containerPortal = B43D6A962A5320C300B495A7 /* Project object */;
			proxyType = 1;
			remoteGlobalIDString = B43D6A9D2A5320C400B495A7;
			remoteInfo = MyCV;
		};
/* End PBXContainerItemProxy section */

/* Begin PBXFileReference section */
		B43D6A9E2A5320C400B495A7 /* MyCV.app */ = {isa = PBXFileReference; explicitFileType = wrapper.application; includeInIndex = 0; path = MyCV.app; sourceTree = BUILT_PRODUCTS_DIR; };
		B43D6AA12A5320C400B495A7 /* MyCVApp.swift */ = {isa = PBXFileReference; lastKnownFileType = sourcecode.swift; path = MyCVApp.swift; sourceTree = "<group>"; };
		B43D6AA32A5320C400B495A7 /* ContentView.swift */ = {isa = PBXFileReference; lastKnownFileType = sourcecode.swift; path = ContentView.swift; sourceTree = "<group>"; };
		B43D6AA52A5320C600B495A7 /* Assets.xcassets */ = {isa = PBXFileReference; lastKnownFileType = folder.assetcatalog; path = Assets.xcassets; sourceTree = "<group>"; };
		B43D6AA82A5320C600B495A7 /* Preview Assets.xcassets */ = {isa = PBXFileReference; lastKnownFileType = folder.assetcatalog; path = "Preview Assets.xcassets"; sourceTree = "<group>"; };
		B43D6AAE2A5320C600B495A7 /* MyCVTests.xctest */ = {isa = PBXFileReference; explicitFileType = wrapper.cfbundle; includeInIndex = 0; path = MyCVTests.xctest; sourceTree = BUILT_PRODUCTS_DIR; };
		B43D6AB22A5320C600B495A7 /* MyCVTests.swift */ = {isa = PBXFileReference; lastKnownFileType = sourcecode.swift; path = MyCVTests.swift; sourceTree = "<group>"; };
		B43D6AB82A5320C600B495A7 /* MyCVUITests.xctest */ = {isa = PBXFileReference; explicitFileType = wrapper.cfbundle; includeInIndex = 0; path = MyCVUITests.xctest; sourceTree = BUILT_PRODUCTS_DIR; };
		B43D6ABC2A5320C600B495A7 /* MyCVUITests.swift */ = {isa = PBXFileReference; lastKnownFileType = sourcecode.swift; path = MyCVUITests.swift; sourceTree = "<group>"; };
		B43D6ABE2A5320C600B495A7 /* MyCVUITestsLaunchTests.swift */ = {isa = PBXFileReference; lastKnownFileType = sourcecode.swift; path = MyCVUITestsLaunchTests.swift; sourceTree = "<group>"; };
/* End PBXFileReference section */

/* Begin PBXFrameworksBuildPhase section */
		B43D6A9B2A5320C400B495A7 /* Frameworks */ = {
			isa = PBXFrameworksBuildPhase;
			buildActionMask = 2147483647;
			files = (
			);
			runOnlyForDeploymentPostprocessing = 0;
		};
		B43D6AAB2A5320C600B495A7 /* Frameworks */ = {
			isa = PBXFrameworksBuildPhase;
			buildActionMask = 2147483647;
			files = (
			);
			runOnlyForDeploymentPostprocessing = 0;
		};
		B43D6AB52A5320C600B495A7 /* Frameworks */ = {
			isa = PBXFrameworksBuildPhase;
			buildActionMask = 2147483647;
			files = (
			);
			runOnlyForDeploymentPostprocessing = 0;
		};
/* End PBXFrameworksBuildPhase section */

/* Begin PBXGroup section */
		B43D6A952A5320C300B495A7 = {
			isa = PBXGroup;
			children = (
				B43D6AA02A5320C400B495A7 /* MyCV */,
				B43D6AB12A5320C600B495A7 /* MyCVTests */,
				B43D6ABB2A5320C600B495A7 /* MyCVUITests */,
				B43D6A9F2A5320C400B495A7 /* Products */,
			);
			sourceTree = "<group>";
		};
		B43D6A9F2A5320C400B495A7 /* Products */ = {
			isa = PBXGroup;
			children = (
				B43D6A9E2A5320C400B495A7 /* MyCV.app */,
				B43D6AAE2A5320C600B495A7 /* MyCVTests.xctest */,
				B43D6AB82A5320C600B495A7 /* MyCVUITests.xctest */,
			);
			name = Products;
			sourceTree = "<group>";
		};
		B43D6AA02A5320C400B495A7 /* MyCV */ = {
			isa = PBXGroup;
			children = (
				B43D6AA12A5320C400B495A7 /* MyCVApp.swift */,
				B43D6AA32A5320C400B495A7 /* ContentView.swift */,
				B43D6AA52A5320C600B495A7 /* Assets.xcassets */,
				B43D6AA72A5320C600B495A7 /* Preview Content */,
			);
			path = MyCV;
			sourceTree = "<group>";
		};
		B43D6AA72A5320C600B495A7 /* Preview Content */ = {
			isa = PBXGroup;
			children = (
				B43D6AA82A5320C600B495A7 /* Preview Assets.xcassets */,
			);
			path = "Preview Content";
			sourceTree = "<group>";
		};
		B43D6AB12A5320C600B495A7 /* MyCVTests */ = {
			isa = PBXGroup;
			children = (
				B43D6AB22A5320C600B495A7 /* MyCVTests.swift */,
			);
			path = MyCVTests;
			sourceTree = "<group>";
		};
		B43D6ABB2A5320C600B495A7 /* MyCVUITests */ = {
			isa = PBXGroup;
			children = (
				B43D6ABC2A5320C600B495A7 /* MyCVUITests.swift */,
				B43D6ABE2A5320C600B495A7 /* MyCVUITestsLaunchTests.swift */,
			);
			path = MyCVUITests;
			sourceTree = "<group>";
		};
/* End PBXGroup section */

/* Begin PBXNativeTarget section */
		B43D6A9D2A5320C400B495A7 /* MyCV */ = {
			isa = PBXNativeTarget;
			buildConfigurationList = B43D6AC22A5320C600B495A7 /* Build configuration list for PBXNativeTarget "MyCV" */;
			buildPhases = (
				B43D6A9A2A5320C400B495A7 /* Sources */,
				B43D6A9B2A5320C400B495A7 /* Frameworks */,
				B43D6A9C2A5320C400B495A7 /* Resources */,
			);
			buildRules = (
			);
			dependencies = (
			);
			name = MyCV;
			productName = MyCV;
			productReference = B43D6A9E2A5320C400B495A7 /* MyCV.app */;
			productType = "com.apple.product-type.application";
		};
		B43D6AAD2A5320C600B495A7 /* MyCVTests */ = {
			isa = PBXNativeTarget;
			buildConfigurationList = B43D6AC52A5320C600B495A7 /* Build configuration list for PBXNativeTarget "MyCVTests" */;
			buildPhases = (
				B43D6AAA2A5320C600B495A7 /* Sources */,
				B43D6AAB2A5320C600B495A7 /* Frameworks */,
				B43D6AAC2A5320C600B495A7 /* Resources */,
			);
			buildRules = (
			);
			dependencies = (
				B43D6AB02A5320C600B495A7 /* PBXTargetDependency */,
			);
			name = MyCVTests;
			productName = MyCVTests;
			productReference = B43D6AAE2A5320C600B495A7 /* MyCVTests.xctest */;
			productType = "com.apple.product-type.bundle.unit-test";
		};
		B43D6AB72A5320C600B495A7 /* MyCVUITests */ = {
			isa = PBXNativeTarget;
			buildConfigurationList = B43D6AC82A5320C600B495A7 /* Build configuration list for PBXNativeTarget "MyCVUITests" */;
			buildPhases = (
				B43D6AB42A5320C600B495A7 /* Sources */,
				B43D6AB52A5320C600B495A7 /* Frameworks */,
				B43D6AB62A5320C600B495A7 /* Resources */,
			);
			buildRules = (
			);
			dependencies = (
				B43D6ABA2A5320C600B495A7 /* PBXTargetDependency */,
			);
			name = MyCVUITests;
			productName = MyCVUITests;
			productReference = B43D6AB82A5320C600B495A7 /* MyCVUITests.xctest */;
			productType = "com.apple.product-type.bundle.ui-testing";
		};
/* End PBXNativeTarget section */

/* Begin PBXProject section */
		B43D6A962A5320C300B495A7 /* Project object */ = {
			isa = PBXProject;
			attributes = {
				BuildIndependentTargetsInParallel = 1;
				LastSwiftUpdateCheck = 1430;
				LastUpgradeCheck = 1430;
				TargetAttributes = {
					B43D6A9D2A5320C400B495A7 = {
						CreatedOnToolsVersion = 14.3.1;
					};
					B43D6AAD2A5320C600B495A7 = {
						CreatedOnToolsVersion = 14.3.1;
						TestTargetID = B43D6A9D2A5320C400B495A7;
					};
					B43D6AB72A5320C600B495A7 = {
						CreatedOnToolsVersion = 14.3.1;
						TestTargetID = B43D6A9D2A5320C400B495A7;
					};
				};
			};
			buildConfigurationList = B43D6A992A5320C300B495A7 /* Build configuration list for PBXProject "MyCV" */;
			compatibilityVersion = "Xcode 14.0";
			developmentRegion = en;
			hasScannedForEncodings = 0;
			knownRegions = (
				en,
				Base,
			);
			mainGroup = B43D6A952A5320C300B495A7;
			productRefGroup = B43D6A9F2A5320C400B495A7 /* Products */;
			projectDirPath = "";
			projectRoot = "";
			targets = (
				B43D6A9D2A5320C400B495A7 /* MyCV */,
				B43D6AAD2A5320C600B495A7 /* MyCVTests */,
				B43D6AB72A5320C600B495A7 /* MyCVUITests */,
			);
		};
/* End PBXProject section */

/* Begin PBXResourcesBuildPhase section */
		B43D6A9C2A5320C400B495A7 /* Resources */ = {
			isa = PBXResourcesBuildPhase;
			buildActionMask = 2147483647;
			files = (
				B43D6AA92A5320C600B495A7 /* Preview Assets.xcassets in Resources */,
				B43D6AA62A5320C600B495A7 /* Assets.xcassets in Resources */,
			);
			runOnlyForDeploymentPostprocessing = 0;
		};
		B43D6AAC2A5320C600B495A7 /* Resources */ = {
			isa = PBXResourcesBuildPhase;
			buildActionMask = 2147483647;
			files = (
			);
			runOnlyForDeploymentPostprocessing = 0;
		};
		B43D6AB62A5320C600B495A7 /* Resources */ = {
			isa = PBXResourcesBuildPhase;
			buildActionMask = 2147483647;
			files = (
			);
			runOnlyForDeploymentPostprocessing = 0;
		};
/* End PBXResourcesBuildPhase section */

/* Begin PBXSourcesBuildPhase section */
		B43D6A9A2A5320C400B495A7 /* Sources */ = {
			isa = PBXSourcesBuildPhase;
			buildActionMask = 2147483647;
			files = (
				B43D6AA42A5320C400B495A7 /* ContentView.swift in Sources */,
				B43D6AA22A5320C400B495A7 /* MyCVApp.swift in Sources */,
			);
			runOnlyForDeploymentPostprocessing = 0;
		};
		B43D6AAA2A5320C600B495A7 /* Sources */ = {
			isa = PBXSourcesBuildPhase;
			buildActionMask = 2147483647;
			files = (
				B43D6AB32A5320C600B495A7 /* MyCVTests.swift in Sources */,
			);
			runOnlyForDeploymentPostprocessing = 0;
		};
		B43D6AB42A5320C600B495A7 /* Sources */ = {
			isa = PBXSourcesBuildPhase;
			buildActionMask = 2147483647;
			files = (
				B43D6ABD2A5320C600B495A7 /* MyCVUITests.swift in Sources */,
				B43D6ABF2A5320C600B495A7 /* MyCVUITestsLaunchTests.swift in Sources */,
			);
			runOnlyForDeploymentPostprocessing = 0;
		};
/* End PBXSourcesBuildPhase section */

/* Begin PBXTargetDependency section */
		B43D6AB02A5320C600B495A7 /* PBXTargetDependency */ = {
			isa = PBXTargetDependency;
			target = B43D6A9D2A5320C400B495A7 /* MyCV */;
			targetProxy = B43D6AAF2A5320C600B495A7 /* PBXContainerItemProxy */;
		};
		B43D6ABA2A5320C600B495A7 /* PBXTargetDependency */ = {
			isa = PBXTargetDependency;
			target = B43D6A9D2A5320C400B495A7 /* MyCV */;
			targetProxy = B43D6AB92A5320C600B495A7 /* PBXContainerItemProxy */;
		};
/* End PBXTargetDependency section */

/* Begin XCBuildConfiguration section */
		B43D6AC02A5320C600B495A7 /* Debug */ = {
			isa = XCBuildConfiguration;
			buildSettings = {
				ALWAYS_SEARCH_USER_PATHS = NO;
				CLANG_ANALYZER_NONNULL = YES;
				CLANG_ANALYZER_NUMBER_OBJECT_CONVERSION = YES_AGGRESSIVE;
				CLANG_CXX_LANGUAGE_STANDARD = "gnu++20";
				CLANG_ENABLE_MODULES = YES;
				CLANG_ENABLE_OBJC_ARC = YES;
				CLANG_ENABLE_OBJC_WEAK = YES;
				CLANG_WARN_BLOCK_CAPTURE_AUTORELEASING = YES;
				CLANG_WARN_BOOL_CONVERSION = YES;
				CLANG_WARN_COMMA = YES;
				CLANG_WARN_CONSTANT_CONVERSION = YES;
				CLANG_WARN_DEPRECATED_OBJC_IMPLEMENTATIONS = YES;
				CLANG_WARN_DIRECT_OBJC_ISA_USAGE = YES_ERROR;
				CLANG_WARN_DOCUMENTATION_COMMENTS = YES;
				CLANG_WARN_EMPTY_BODY = YES;
				CLANG_WARN_ENUM_CONVERSION = YES;
				CLANG_WARN_INFINITE_RECURSION = YES;
				CLANG_WARN_INT_CONVERSION = YES;
				CLANG_WARN_NON_LITERAL_NULL_CONVERSION = YES;
				CLANG_WARN_OBJC_IMPLICIT_RETAIN_SELF = YES;
				CLANG_WARN_OBJC_LITERAL_CONVERSION = YES;
				CLANG_WARN_OBJC_ROOT_CLASS = YES_ERROR;
				CLANG_WARN_QUOTED_INCLUDE_IN_FRAMEWORK_HEADER = YES;
				CLANG_WARN_RANGE_LOOP_ANALYSIS = YES;
				CLANG_WARN_STRICT_PROTOTYPES = YES;
				CLANG_WARN_SUSPICIOUS_MOVE = YES;
				CLANG_WARN_UNGUARDED_AVAILABILITY = YES_AGGRESSIVE;
				CLANG_WARN_UNREACHABLE_CODE = YES;
				CLANG_WARN__DUPLICATE_METHOD_MATCH = YES;
				COPY_PHASE_STRIP = NO;
				DEBUG_INFORMATION_FORMAT = dwarf;
				ENABLE_STRICT_OBJC_MSGSEND = YES;
				ENABLE_TESTABILITY = YES;
				GCC_C_LANGUAGE_STANDARD = gnu11;
				GCC_DYNAMIC_NO_PIC = NO;
				GCC_NO_COMMON_BLOCKS = YES;
				GCC_OPTIMIZATION_LEVEL = 0;
				GCC_PREPROCESSOR_DEFINITIONS = (
					"DEBUG=1",
					"$(inherited)",
				);
				GCC_WARN_64_TO_32_BIT_CONVERSION = YES;
				GCC_WARN_ABOUT_RETURN_TYPE = YES_ERROR;
				GCC_WARN_UNDECLARED_SELECTOR = YES;
				GCC_WARN_UNINITIALIZED_AUTOS = YES_AGGRESSIVE;
				GCC_WARN_UNUSED_FUNCTION = YES;
				GCC_WARN_UNUSED_VARIABLE = YES;
				IPHONEOS_DEPLOYMENT_TARGET = 16.4;
				MTL_ENABLE_DEBUG_INFO = INCLUDE_SOURCE;
				MTL_FAST_MATH = YES;
				ONLY_ACTIVE_ARCH = YES;
				SDKROOT = iphoneos;
				SWIFT_ACTIVE_COMPILATION_CONDITIONS = DEBUG;
				SWIFT_OPTIMIZATION_LEVEL = "-Onone";
			};
			name = Debug;
		};
		B43D6AC12A5320C600B495A7 /* Release */ = {
			isa = XCBuildConfiguration;
			buildSettings = {
				ALWAYS_SEARCH_USER_PATHS = NO;
				CLANG_ANALYZER_NONNULL = YES;
				CLANG_ANALYZER_NUMBER_OBJECT_CONVERSION = YES_AGGRESSIVE;
				CLANG_CXX_LANGUAGE_STANDARD = "gnu++20";
				CLANG_ENABLE_MODULES = YES;
				CLANG_ENABLE_OBJC_ARC = YES;
				CLANG_ENABLE_OBJC_WEAK = YES;
				CLANG_WARN_BLOCK_CAPTURE_AUTORELEASING = YES;
				CLANG_WARN_BOOL_CONVERSION = YES;
				CLANG_WARN_COMMA = YES;
				CLANG_WARN_CONSTANT_CONVERSION = YES;
				CLANG_WARN_DEPRECATED_OBJC_IMPLEMENTATIONS = YES;
				CLANG_WARN_DIRECT_OBJC_ISA_USAGE = YES_ERROR;
				CLANG_WARN_DOCUMENTATION_COMMENTS = YES;
				CLANG_WARN_EMPTY_BODY = YES;
				CLANG_WARN_ENUM_CONVERSION = YES;
				CLANG_WARN_INFINITE_RECURSION = YES;
				CLANG_WARN_INT_CONVERSION = YES;
				CLANG_WARN_NON_LITERAL_NULL_CONVERSION = YES;
				CLANG_WARN_OBJC_IMPLICIT_RETAIN_SELF = YES;
				CLANG_WARN_OBJC_LITERAL_CONVERSION = YES;
				CLANG_WARN_OBJC_ROOT_CLASS = YES_ERROR;
				CLANG_WARN_QUOTED_INCLUDE_IN_FRAMEWORK_HEADER = YES;
				CLANG_WARN_RANGE_LOOP_ANALYSIS = YES;
				CLANG_WARN_STRICT_PROTOTYPES = YES;
				CLANG_WARN_SUSPICIOUS_MOVE = YES;
				CLANG_WARN_UNGUARDED_AVAILABILITY = YES_AGGRESSIVE;
				CLANG_WARN_UNREACHABLE_CODE = YES;
				CLANG_WARN__DUPLICATE_METHOD_MATCH = YES;
				COPY_PHASE_STRIP = NO;
				DEBUG_INFORMATION_FORMAT = "dwarf-with-dsym";
				ENABLE_NS_ASSERTIONS = NO;
				ENABLE_STRICT_OBJC_MSGSEND = YES;
				GCC_C_LANGUAGE_STANDARD = gnu11;
				GCC_NO_COMMON_BLOCKS = YES;
				GCC_WARN_64_TO_32_BIT_CONVERSION = YES;
				GCC_WARN_ABOUT_RETURN_TYPE = YES_ERROR;
				GCC_WARN_UNDECLARED_SELECTOR = YES;
				GCC_WARN_UNINITIALIZED_AUTOS = YES_AGGRESSIVE;
				GCC_WARN_UNUSED_FUNCTION = YES;
				GCC_WARN_UNUSED_VARIABLE = YES;
				IPHONEOS_DEPLOYMENT_TARGET = 16.4;
				MTL_ENABLE_DEBUG_INFO = NO;
				MTL_FAST_MATH = YES;
				SDKROOT = iphoneos;
				SWIFT_COMPILATION_MODE = wholemodule;
				SWIFT_OPTIMIZATION_LEVEL = "-O";
				VALIDATE_PRODUCT = YES;
			};
			name = Release;
		};
		B43D6AC32A5320C600B495A7 /* Debug */ = {
			isa = XCBuildConfiguration;
			buildSettings = {
				ASSETCATALOG_COMPILER_APPICON_NAME = AppIcon;
				ASSETCATALOG_COMPILER_GLOBAL_ACCENT_COLOR_NAME = AccentColor;
				CODE_SIGN_STYLE = Automatic;
				CURRENT_PROJECT_VERSION = 1;
				DEVELOPMENT_ASSET_PATHS = "\"MyCV/Preview Content\"";
				ENABLE_PREVIEWS = YES;
				GENERATE_INFOPLIST_FILE = YES;
				INFOPLIST_KEY_UIApplicationSceneManifest_Generation = YES;
				INFOPLIST_KEY_UIApplicationSupportsIndirectInputEvents = YES;
				INFOPLIST_KEY_UILaunchScreen_Generation = YES;
				INFOPLIST_KEY_UISupportedInterfaceOrientations_iPad = "UIInterfaceOrientationPortrait UIInterfaceOrientationPortraitUpsideDown UIInterfaceOrientationLandscapeLeft UIInterfaceOrientationLandscapeRight";
				INFOPLIST_KEY_UISupportedInterfaceOrientations_iPhone = "UIInterfaceOrientationPortrait UIInterfaceOrientationLandscapeLeft UIInterfaceOrientationLandscapeRight";
				LD_RUNPATH_SEARCH_PATHS = (
					"$(inherited)",
					"@executable_path/Frameworks",
				);
				MARKETING_VERSION = 1.0;
				PRODUCT_BUNDLE_IDENTIFIER = com.rhlbwn.MyCV;
				PRODUCT_NAME = "$(TARGET_NAME)";
				SWIFT_EMIT_LOC_STRINGS = YES;
				SWIFT_VERSION = 5.0;
				TARGETED_DEVICE_FAMILY = "1,2";
			};
			name = Debug;
		};
		B43D6AC42A5320C600B495A7 /* Release */ = {
			isa = XCBuildConfiguration;
			buildSettings = {
				ASSETCATALOG_COMPILER_APPICON_NAME = AppIcon;
				ASSETCATALOG_COMPILER_GLOBAL_ACCENT_COLOR_NAME = AccentColor;
				CODE_SIGN_STYLE = Automatic;
				CURRENT_PROJECT_VERSION = 1;
				DEVELOPMENT_ASSET_PATHS = "\"MyCV/Preview Content\"";
				ENABLE_PREVIEWS = YES;
				GENERATE_INFOPLIST_FILE = YES;
				INFOPLIST_KEY_UIApplicationSceneManifest_Generation = YES;
				INFOPLIST_KEY_UIApplicationSupportsIndirectInputEvents = YES;
				INFOPLIST_KEY_UILaunchScreen_Generation = YES;
				INFOPLIST_KEY_UISupportedInterfaceOrientations_iPad = "UIInterfaceOrientationPortrait UIInterfaceOrientationPortraitUpsideDown UIInterfaceOrientationLandscapeLeft UIInterfaceOrientationLandscapeRight";
				INFOPLIST_KEY_UISupportedInterfaceOrientations_iPhone = "UIInterfaceOrientationPortrait UIInterfaceOrientationLandscapeLeft UIInterfaceOrientationLandscapeRight";
				LD_RUNPATH_SEARCH_PATHS = (
					"$(inherited)",
					"@executable_path/Frameworks",
				);
				MARKETING_VERSION = 1.0;
				PRODUCT_BUNDLE_IDENTIFIER = com.rhlbwn.MyCV;
				PRODUCT_NAME = "$(TARGET_NAME)";
				SWIFT_EMIT_LOC_STRINGS = YES;
				SWIFT_VERSION = 5.0;
				TARGETED_DEVICE_FAMILY = "1,2";
			};
			name = Release;
		};
		B43D6AC62A5320C600B495A7 /* Debug */ = {
			isa = XCBuildConfiguration;
			buildSettings = {
				ALWAYS_EMBED_SWIFT_STANDARD_LIBRARIES = YES;
				BUNDLE_LOADER = "$(TEST_HOST)";
				CODE_SIGN_STYLE = Automatic;
				CURRENT_PROJECT_VERSION = 1;
				GENERATE_INFOPLIST_FILE = YES;
				IPHONEOS_DEPLOYMENT_TARGET = 16.4;
				MARKETING_VERSION = 1.0;
				PRODUCT_BUNDLE_IDENTIFIER = com.rhlbwn.MyCVTests;
				PRODUCT_NAME = "$(TARGET_NAME)";
				SWIFT_EMIT_LOC_STRINGS = NO;
				SWIFT_VERSION = 5.0;
				TARGETED_DEVICE_FAMILY = "1,2";
				TEST_HOST = "$(BUILT_PRODUCTS_DIR)/MyCV.app/$(BUNDLE_EXECUTABLE_FOLDER_PATH)/MyCV";
			};
			name = Debug;
		};
		B43D6AC72A5320C600B495A7 /* Release */ = {
			isa = XCBuildConfiguration;
			buildSettings = {
				ALWAYS_EMBED_SWIFT_STANDARD_LIBRARIES = YES;
				BUNDLE_LOADER = "$(TEST_HOST)";
				CODE_SIGN_STYLE = Automatic;
				CURRENT_PROJECT_VERSION = 1;
				GENERATE_INFOPLIST_FILE = YES;
				IPHONEOS_DEPLOYMENT_TARGET = 16.4;
				MARKETING_VERSION = 1.0;
				PRODUCT_BUNDLE_IDENTIFIER = com.rhlbwn.MyCVTests;
				PRODUCT_NAME = "$(TARGET_NAME)";
				SWIFT_EMIT_LOC_STRINGS = NO;
				SWIFT_VERSION = 5.0;
				TARGETED_DEVICE_FAMILY = "1,2";
				TEST_HOST = "$(BUILT_PRODUCTS_DIR)/MyCV.app/$(BUNDLE_EXECUTABLE_FOLDER_PATH)/MyCV";
			};
			name = Release;
		};
		B43D6AC92A5320C600B495A7 /* Debug */ = {
			isa = XCBuildConfiguration;
			buildSettings = {
				ALWAYS_EMBED_SWIFT_STANDARD_LIBRARIES = YES;
				CODE_SIGN_STYLE = Automatic;
				CURRENT_PROJECT_VERSION = 1;
				GENERATE_INFOPLIST_FILE = YES;
				MARKETING_VERSION = 1.0;
				PRODUCT_BUNDLE_IDENTIFIER = com.rhlbwn.MyCVUITests;
				PRODUCT_NAME = "$(TARGET_NAME)";
				SWIFT_EMIT_LOC_STRINGS = NO;
				SWIFT_VERSION = 5.0;
				TARGETED_DEVICE_FAMILY = "1,2";
				TEST_TARGET_NAME = MyCV;
			};
			name = Debug;
		};
		B43D6ACA2A5320C600B495A7 /* Release */ = {
			isa = XCBuildConfiguration;
			buildSettings = {
				ALWAYS_EMBED_SWIFT_STANDARD_LIBRARIES = YES;
				CODE_SIGN_STYLE = Automatic;
				CURRENT_PROJECT_VERSION = 1;
				GENERATE_INFOPLIST_FILE = YES;
				MARKETING_VERSION = 1.0;
				PRODUCT_BUNDLE_IDENTIFIER = com.rhlbwn.MyCVUITests;
				PRODUCT_NAME = "$(TARGET_NAME)";
				SWIFT_EMIT_LOC_STRINGS = NO;
				SWIFT_VERSION = 5.0;
				TARGETED_DEVICE_FAMILY = "1,2";
				TEST_TARGET_NAME = MyCV;
			};
			name = Release;
		};
/* End XCBuildConfiguration section */

/* Begin XCConfigurationList section */
		B43D6A992A5320C300B495A7 /* Build configuration list for PBXProject "MyCV" */ = {
			isa = XCConfigurationList;
			buildConfigurations = (
				B43D6AC02A5320C600B495A7 /* Debug */,
				B43D6AC12A5320C600B495A7 /* Release */,
			);
			defaultConfigurationIsVisible = 0;
			defaultConfigurationName = Release;
		};
		B43D6AC22A5320C600B495A7 /* Build configuration list for PBXNativeTarget "MyCV" */ = {
			isa = XCConfigurationList;
			buildConfigurations = (
				B43D6AC32A5320C600B495A7 /* Debug */,
				B43D6AC42A5320C600B495A7 /* Release */,
			);
			defaultConfigurationIsVisible = 0;
			defaultConfigurationName = Release;
		};
		B43D6AC52A5320C600B495A7 /* Build configuration list for PBXNativeTarget "MyCVTests" */ = {
			isa = XCConfigurationList;
			buildConfigurations = (
				B43D6AC62A5320C600B495A7 /* Debug */,
				B43D6AC72A5320C600B495A7 /* Release */,
			);
			defaultConfigurationIsVisible = 0;
			defaultConfigurationName = Release;
		};
		B43D6AC82A5320C600B495A7 /* Build configuration list for PBXNativeTarget "MyCVUITests" */ = {
			isa = XCConfigurationList;
			buildConfigurations = (
				B43D6AC92A5320C600B495A7 /* Debug */,
				B43D6ACA2A5320C600B495A7 /* Release */,
			);
			defaultConfigurationIsVisible = 0;
			defaultConfigurationName = Release;
		};
/* End XCConfigurationList section */
	};
	rootObject = B43D6A962A5320C300B495A7 /* Project object */;
}
